
Microsoft Visual Studio Solution File, Format Version 12.00
# Visual Studio Version 17
VisualStudioVersion = 17.9.34616.47
MinimumVisualStudioVersion = 10.0.40219.1
Project("{8BC9CEB8-8B4A-11D0-8D11-00A0C91BC942}") = "paradigma kedua", "paradigma kedua\paradigma kedua.vcxproj", "{080B9BA4-99BD-4277-BD60-D8873B8D444B}"
EndProject
Global
	GlobalSection(SolutionConfigurationPlatforms) = preSolution
		Debug|x64 = Debug|x64
		Debug|x86 = Debug|x86
		Release|x64 = Release|x64
		Release|x86 = Release|x86
	EndGlobalSection
	GlobalSection(ProjectConfigurationPlatforms) = postSolution
		{080B9BA4-99BD-4277-BD60-D8873B8D444B}.Debug|x64.ActiveCfg = Debug|x64
		{080B9BA4-99BD-4277-BD60-D8873B8D444B}.Debug|x64.Build.0 = Debug|x64
		{080B9BA4-99BD-4277-BD60-D8873B8D444B}.Debug|x86.ActiveCfg = Debug|Win32
		{080B9BA4-99BD-4277-BD60-D8873B8D444B}.Debug|x86.Build.0 = Debug|Win32
		{080B9BA4-99BD-4277-BD60-D8873B8D444B}.Release|x64.ActiveCfg = Release|x64
		{080B9BA4-99BD-4277-BD60-D8873B8D444B}.Release|x64.Build.0 = Release|x64
		{080B9BA4-99BD-4277-BD60-D8873B8D444B}.Release|x86.ActiveCfg = Release|Win32
		{080B9BA4-99BD-4277-BD60-D8873B8D444B}.Release|x86.Build.0 = Release|Win32
	EndGlobalSection
	GlobalSection(SolutionProperties) = preSolution
		HideSolutionNode = FALSE
	EndGlobalSection
	GlobalSection(ExtensibilityGlobals) = postSolution
		SolutionGuid = {042B4B1F-9C7F-4F6A-8ABB-5F3D4B443C9E}
	EndGlobalSection
EndGlobal
